{
  "object": {
    "pins": [
      {
        "package": "ActionButton",
        "repositoryURL": "https://github.com/KAIMAN-IOS/ActionButton",
        "state": {
          "branch": "master",
          "revision": "5a8f4d4969719e1f32758af9f61777562ba262e7",
          "version": null
        }
      },
      {
        "package": "Alamofire",
        "repositoryURL": "https://github.com/Alamofire/Alamofire",
        "state": {
          "branch": null,
          "revision": "f96b619bcb2383b43d898402283924b80e2c4bae",
          "version": "5.4.3"
        }
      },
      {
        "package": "AlertsAndPickers",
        "repositoryURL": "https://github.com/jerometonnelier/alerts-and-pickers",
        "state": {
          "branch": "spm",
          "revision": "86f35dbe5a5900815bec752f2afc8b4f44b7ad50",
          "version": null
        }
      },
      {
        "package": "Ampersand",
        "repositoryURL": "https://github.com/darjeelingsteve/Ampersand",
        "state": {
          "branch": null,
          "revision": "9498afe66ef14428c80647a4b1046c9aab97655a",
          "version": "1.1.0"
        }
      },
      {
        "package": "ATACommonObjects",
        "repositoryURL": "https://github.com/KAIMAN-IOS/ATACommonObjects",
        "state": {
          "branch": "master",
          "revision": "50daafb4efb12454ddd24700f02f5a31da83cedf",
          "version": null
        }
      },
      {
        "package": "ATAConfiguration",
        "repositoryURL": "https://github.com/KAIMAN-IOS/ATAConfiguration",
        "state": {
          "branch": "master",
          "revision": "bee5d53f06f15f9a7c036bc7ed29e504eb230c35",
          "version": null
        }
      },
      {
        "package": "ATAGroup",
        "repositoryURL": "https://github.com/KAIMAN-IOS/ATAGroup",
        "state": {
          "branch": "master",
          "revision": "6d25fdddd863ad9ef67aa1aba4c68b54e719565b",
          "version": null
        }
      },
      {
        "package": "ATAViews",
        "repositoryURL": "https://github.com/KAIMAN-IOS/ATAViews",
        "state": {
          "branch": "master",
          "revision": "a14b81dfb42117b0cfaabb2730cf32f898176570",
          "version": null
        }
      },
      {
        "package": "FittedSheets",
        "repositoryURL": "https://github.com/gordontucker/FittedSheets",
        "state": {
          "branch": null,
          "revision": "65f9c93718f96c6de234d38c9976e67a0d9e2b28",
          "version": "2.4.2"
        }
      },
      {
        "package": "GrowingTextView",
        "repositoryURL": "https://github.com/KennethTsang/GrowingTextView",
        "state": {
          "branch": null,
          "revision": "0cda2caf03bf6cb2ec6dc006873c3c865933be09",
          "version": "0.7.2"
        }
      },
      {
        "package": "Haptica",
        "repositoryURL": "https://github.com/efremidze/Haptica",
        "state": {
          "branch": "master",
          "revision": "4084702c85102c2d17d58e42ec5a750094944864",
          "version": null
        }
      },
      {
        "package": "HGCircularSlider",
        "repositoryURL": "https://github.com/HamzaGhazouani/HGCircularSlider",
        "state": {
          "branch": null,
          "revision": "2b98462d32bf7211851aa73537dbaba5dd80229e",
          "version": "2.2.1"
        }
      },
      {
        "package": "KCoordinatorKit",
        "repositoryURL": "https://github.com/KAIMAN-IOS/KCoordinatorKit",
        "state": {
          "branch": "master",
          "revision": "20bb96f4f55c366fbeba61e97287bd6ee4a14d03",
          "version": null
        }
      },
      {
        "package": "KExtensions",
        "repositoryURL": "https://github.com/KAIMAN-IOS/KExtensions",
        "state": {
          "branch": "master",
          "revision": "629b5a7cc44c0d37e0b96db01371cc87965f57c2",
          "version": null
        }
      },
      {
        "package": "KStorage",
        "repositoryURL": "https://github.com/KAIMAN-IOS/KStorage",
        "state": {
          "branch": "master",
          "revision": "92390107f52b6215f15254cd3ad765c820c29cbc",
          "version": null
        }
      },
      {
        "package": "NSAttributedStringBuilder",
        "repositoryURL": "https://github.com/ethanhuang13/NSAttributedStringBuilder",
        "state": {
          "branch": null,
          "revision": "18662b33975c9ec8c80a1bd9b4e30d09612ee7ee",
          "version": "0.4.1"
        }
      },
      {
        "package": "Nuke",
        "repositoryURL": "https://github.com/kean/Nuke",
        "state": {
          "branch": null,
          "revision": "7f73ceaeacd5df75a7994cd82e165ad9ff1815db",
          "version": "9.6.1"
        }
      },
      {
        "package": "Peep",
        "repositoryURL": "https://github.com/efremidze/Peep",
        "state": {
          "branch": null,
          "revision": "6ba6217b6fa53d53e635f20ed225261398b32116",
          "version": "3.0.0"
        }
      },
      {
        "package": "PhoneNumberKit",
        "repositoryURL": "https://github.com/KAIMAN-iOS/PhoneNumberKit",
        "state": {
          "branch": null,
          "revision": "d73665b4ae26aa57245bd4fdc5b6bab7a18033f3",
          "version": "4.0.0"
        }
      },
      {
        "package": "PromiseKit",
        "repositoryURL": "https://github.com/mxcl/PromiseKit",
        "state": {
          "branch": null,
          "revision": "d2f7ba14bcdc45e18f4f60ad9df883fb9055f081",
          "version": "6.15.3"
        }
      },
      {
        "package": "ReverseGeocodingMap",
        "repositoryURL": "https://github.com/KAIMAN-IOS/ReverseGeocodingMap",
        "state": {
          "branch": "master",
          "revision": "c2763ec1b91d89e737675e65222fdf524a0b7deb",
          "version": null
        }
      },
      {
        "package": "SnapKit",
        "repositoryURL": "https://github.com/SnapKit/SnapKit",
        "state": {
          "branch": null,
          "revision": "d458564516e5676af9c70b4f4b2a9178294f1bc6",
          "version": "5.0.1"
        }
      },
      {
        "package": "SwiftDate",
        "repositoryURL": "https://github.com/malcommac/SwiftDate",
        "state": {
          "branch": null,
          "revision": "6190d0cefff3013e77ed567e6b074f324e5c5bf5",
          "version": "6.3.1"
        }
      },
      {
        "package": "SwiftLocation",
        "repositoryURL": "https://github.com/malcommac/SwiftLocation",
        "state": {
          "branch": null,
          "revision": "f8ec8e97095eb3a5312370ad94b921768217625f",
          "version": "5.1.0"
        }
      },
      {
        "package": "TextFieldEffects",
        "repositoryURL": "https://github.com/KAIMAN-IOS/TextFieldEffects",
        "state": {
          "branch": "master",
          "revision": "1d35118960037a8b777a11f388b7ff976835fec7",
          "version": null
        }
      }
    ]
  },
  "version": 1
}
