{
  "object": {
    "pins": [
      {
        "package": "ActionButton",
        "repositoryURL": "https://github.com/jerometonnelier/ActionButton",
        "state": {
          "branch": null,
          "revision": "aab1e02fc35751743c3e94ff6668627c06ba97f7",
          "version": "1.0.2"
        }
      },
      {
        "package": "ATAConfiguration",
        "repositoryURL": "https://github.com/jerometonnelier/ATAConfiguration",
        "state": {
          "branch": null,
          "revision": "8ec9be62f1f5783ce0acb71ff1cb885ca8265df2",
          "version": "1.0.3"
        }
      },
      {
        "package": "HGCircularSlider",
        "repositoryURL": "https://github.com/HamzaGhazouani/HGCircularSlider",
        "state": {
          "branch": null,
          "revision": "2b98462d32bf7211851aa73537dbaba5dd80229e",
          "version": "2.2.1"
        }
      },
      {
        "package": "IQKeyboardManagerSwift",
        "repositoryURL": "https://github.com/hackiftekhar/IQKeyboardManager.git",
        "state": {
          "branch": null,
          "revision": "4dc6bc7d1c9747bd0c261c8c055903f9fdef91f7",
          "version": "6.5.6"
        }
      },
      {
        "package": "KCoordinatorKit",
        "repositoryURL": "https://github.com/jerometonnelier/KCoordinatorKit",
        "state": {
          "branch": null,
          "revision": "20bb96f4f55c366fbeba61e97287bd6ee4a14d03",
          "version": "1.0.1"
        }
      },
      {
        "package": "KExtensions",
        "repositoryURL": "https://github.com/jerometonnelier/KExtensions",
        "state": {
          "branch": null,
          "revision": "085931de555250aec77be1421a1704928afeadec",
          "version": "1.0.19"
        }
      },
      {
        "package": "NSAttributedStringBuilder",
        "repositoryURL": "https://github.com/ethanhuang13/NSAttributedStringBuilder",
        "state": {
          "branch": null,
          "revision": "4a3b02b8b4baf531490e1ddae8ed4a667bdb12b5",
          "version": "0.3.3"
        }
      },
      {
        "package": "Nuke",
        "repositoryURL": "https://github.com/kean/Nuke",
        "state": {
          "branch": null,
          "revision": "7df01b0d5b42b3fa8930cf0803264116c4e219e1",
          "version": "9.1.3"
        }
      },
      {
        "package": "ReverseGeocodingMap",
        "repositoryURL": "https://github.com/jerometonnelier/ReverseGeocodingMap",
        "state": {
          "branch": null,
          "revision": "e70df5e6263831a4fd53d43e39e2cd551e4b7655",
          "version": "1.0.7"
        }
      },
      {
        "package": "SnapKit",
        "repositoryURL": "https://github.com/SnapKit/SnapKit",
        "state": {
          "branch": null,
          "revision": "d458564516e5676af9c70b4f4b2a9178294f1bc6",
          "version": "5.0.1"
        }
      },
      {
        "package": "TextFieldEffects",
        "repositoryURL": "https://github.com/jerometonnelier/TextFieldEffects",
        "state": {
          "branch": null,
          "revision": "34c87d76b1675f2001bec6e16462f8cc0b8dbbd2",
          "version": "1.7.2"
        }
      }
    ]
  },
  "version": 1
}
