// !$*UTF8*$!
{
	archiveVersion = 1;
	classes = {
	};
	objectVersion = 52;
	objects = {

/* Begin PBXBuildFile section */
		C66D74302542FA9F00FFC8B1 /* AppDelegate.swift in Sources */ = {isa = PBXBuildFile; fileRef = C66D742F2542FA9F00FFC8B1 /* AppDelegate.swift */; };
		C66D74322542FA9F00FFC8B1 /* SceneDelegate.swift in Sources */ = {isa = PBXBuildFile; fileRef = C66D74312542FA9F00FFC8B1 /* SceneDelegate.swift */; };
		C66D74342542FA9F00FFC8B1 /* ViewController.swift in Sources */ = {isa = PBXBuildFile; fileRef = C66D74332542FA9F00FFC8B1 /* ViewController.swift */; };
		C66D74372542FA9F00FFC8B1 /* Main.storyboard in Resources */ = {isa = PBXBuildFile; fileRef = C66D74352542FA9F00FFC8B1 /* Main.storyboard */; };
		C66D74392542FAA100FFC8B1 /* Assets.xcassets in Resources */ = {isa = PBXBuildFile; fileRef = C66D74382542FAA100FFC8B1 /* Assets.xcassets */; };
		C66D743C2542FAA100FFC8B1 /* LaunchScreen.storyboard in Resources */ = {isa = PBXBuildFile; fileRef = C66D743A2542FAA100FFC8B1 /* LaunchScreen.storyboard */; };
		C66D74462542FB5800FFC8B1 /* SearchMap in Frameworks */ = {isa = PBXBuildFile; productRef = C66D74452542FB5800FFC8B1 /* SearchMap */; };
		C66D744C254300C200FFC8B1 /* ReverseGeocodingMap in Frameworks */ = {isa = PBXBuildFile; productRef = C66D744B254300C200FFC8B1 /* ReverseGeocodingMap */; };
		C6AFE69225D3C7760035639C /* Poppins-ExtraLight.ttf in Resources */ = {isa = PBXBuildFile; fileRef = C6AFE68A25D3C7760035639C /* Poppins-ExtraLight.ttf */; };
		C6AFE69325D3C7760035639C /* Poppins-Light.ttf in Resources */ = {isa = PBXBuildFile; fileRef = C6AFE68B25D3C7760035639C /* Poppins-Light.ttf */; };
		C6AFE69425D3C7760035639C /* Poppins-Medium.ttf in Resources */ = {isa = PBXBuildFile; fileRef = C6AFE68C25D3C7760035639C /* Poppins-Medium.ttf */; };
		C6AFE69525D3C7770035639C /* Poppins.json in Resources */ = {isa = PBXBuildFile; fileRef = C6AFE68D25D3C7760035639C /* Poppins.json */; };
		C6AFE69625D3C7770035639C /* Poppins-Regular.ttf in Resources */ = {isa = PBXBuildFile; fileRef = C6AFE68E25D3C7760035639C /* Poppins-Regular.ttf */; };
		C6AFE69725D3C7770035639C /* Poppins-Bold.ttf in Resources */ = {isa = PBXBuildFile; fileRef = C6AFE68F25D3C7760035639C /* Poppins-Bold.ttf */; };
		C6AFE69825D3C7770035639C /* Poppins-Thin.ttf in Resources */ = {isa = PBXBuildFile; fileRef = C6AFE69025D3C7760035639C /* Poppins-Thin.ttf */; };
		C6AFE69925D3C7770035639C /* Poppins-SemiBold.ttf in Resources */ = {isa = PBXBuildFile; fileRef = C6AFE69125D3C7760035639C /* Poppins-SemiBold.ttf */; };
/* End PBXBuildFile section */

/* Begin PBXFileReference section */
		C66D742C2542FA9F00FFC8B1 /* ios Example.app */ = {isa = PBXFileReference; explicitFileType = wrapper.application; includeInIndex = 0; path = "ios Example.app"; sourceTree = BUILT_PRODUCTS_DIR; };
		C66D742F2542FA9F00FFC8B1 /* AppDelegate.swift */ = {isa = PBXFileReference; lastKnownFileType = sourcecode.swift; path = AppDelegate.swift; sourceTree = "<group>"; };
		C66D74312542FA9F00FFC8B1 /* SceneDelegate.swift */ = {isa = PBXFileReference; lastKnownFileType = sourcecode.swift; path = SceneDelegate.swift; sourceTree = "<group>"; };
		C66D74332542FA9F00FFC8B1 /* ViewController.swift */ = {isa = PBXFileReference; lastKnownFileType = sourcecode.swift; path = ViewController.swift; sourceTree = "<group>"; };
		C66D74362542FA9F00FFC8B1 /* Base */ = {isa = PBXFileReference; lastKnownFileType = file.storyboard; name = Base; path = Base.lproj/Main.storyboard; sourceTree = "<group>"; };
		C66D74382542FAA100FFC8B1 /* Assets.xcassets */ = {isa = PBXFileReference; lastKnownFileType = folder.assetcatalog; path = Assets.xcassets; sourceTree = "<group>"; };
		C66D743B2542FAA100FFC8B1 /* Base */ = {isa = PBXFileReference; lastKnownFileType = file.storyboard; name = Base; path = Base.lproj/LaunchScreen.storyboard; sourceTree = "<group>"; };
		C66D743D2542FAA100FFC8B1 /* Info.plist */ = {isa = PBXFileReference; lastKnownFileType = text.plist.xml; path = Info.plist; sourceTree = "<group>"; };
		C66D74482542FB5E00FFC8B1 /* SearchMap */ = {isa = PBXFileReference; lastKnownFileType = folder; name = SearchMap; path = ..; sourceTree = "<group>"; };
		C6AFE68A25D3C7760035639C /* Poppins-ExtraLight.ttf */ = {isa = PBXFileReference; lastKnownFileType = file; path = "Poppins-ExtraLight.ttf"; sourceTree = "<group>"; };
		C6AFE68B25D3C7760035639C /* Poppins-Light.ttf */ = {isa = PBXFileReference; lastKnownFileType = file; path = "Poppins-Light.ttf"; sourceTree = "<group>"; };
		C6AFE68C25D3C7760035639C /* Poppins-Medium.ttf */ = {isa = PBXFileReference; lastKnownFileType = file; path = "Poppins-Medium.ttf"; sourceTree = "<group>"; };
		C6AFE68D25D3C7760035639C /* Poppins.json */ = {isa = PBXFileReference; fileEncoding = 4; lastKnownFileType = text.json; path = Poppins.json; sourceTree = "<group>"; };
		C6AFE68E25D3C7760035639C /* Poppins-Regular.ttf */ = {isa = PBXFileReference; lastKnownFileType = file; path = "Poppins-Regular.ttf"; sourceTree = "<group>"; };
		C6AFE68F25D3C7760035639C /* Poppins-Bold.ttf */ = {isa = PBXFileReference; lastKnownFileType = file; path = "Poppins-Bold.ttf"; sourceTree = "<group>"; };
		C6AFE69025D3C7760035639C /* Poppins-Thin.ttf */ = {isa = PBXFileReference; lastKnownFileType = file; path = "Poppins-Thin.ttf"; sourceTree = "<group>"; };
		C6AFE69125D3C7760035639C /* Poppins-SemiBold.ttf */ = {isa = PBXFileReference; lastKnownFileType = file; path = "Poppins-SemiBold.ttf"; sourceTree = "<group>"; };
		C6AFE69B25D3DD580035639C /* ReverseGeocodingMap */ = {isa = PBXFileReference; lastKnownFileType = folder; name = ReverseGeocodingMap; path = ../../ReverseGeocodingMap; sourceTree = "<group>"; };
		C6AFE69D25D40CC80035639C /* MooveFast.gpx */ = {isa = PBXFileReference; lastKnownFileType = text.xml; name = MooveFast.gpx; path = "../../../Apps/taxi.Chauffeur/taxi.Chauffeur/Configuration/GPX files/MooveFast.gpx"; sourceTree = "<group>"; };
/* End PBXFileReference section */

/* Begin PBXFrameworksBuildPhase section */
		C66D74292542FA9F00FFC8B1 /* Frameworks */ = {
			isa = PBXFrameworksBuildPhase;
			buildActionMask = 2147483647;
			files = (
				C66D744C254300C200FFC8B1 /* ReverseGeocodingMap in Frameworks */,
				C66D74462542FB5800FFC8B1 /* SearchMap in Frameworks */,
			);
			runOnlyForDeploymentPostprocessing = 0;
		};
/* End PBXFrameworksBuildPhase section */

/* Begin PBXGroup section */
		C66D74232542FA9F00FFC8B1 = {
			isa = PBXGroup;
			children = (
				C6AFE69D25D40CC80035639C /* MooveFast.gpx */,
				C6AFE69B25D3DD580035639C /* ReverseGeocodingMap */,
				C66D74482542FB5E00FFC8B1 /* SearchMap */,
				C66D742E2542FA9F00FFC8B1 /* ios Example */,
				C66D742D2542FA9F00FFC8B1 /* Products */,
			);
			sourceTree = "<group>";
		};
		C66D742D2542FA9F00FFC8B1 /* Products */ = {
			isa = PBXGroup;
			children = (
				C66D742C2542FA9F00FFC8B1 /* ios Example.app */,
			);
			name = Products;
			sourceTree = "<group>";
		};
		C66D742E2542FA9F00FFC8B1 /* ios Example */ = {
			isa = PBXGroup;
			children = (
				C6AFE68925D3C7760035639C /* Fonts */,
				C66D742F2542FA9F00FFC8B1 /* AppDelegate.swift */,
				C66D74312542FA9F00FFC8B1 /* SceneDelegate.swift */,
				C66D74332542FA9F00FFC8B1 /* ViewController.swift */,
				C66D74352542FA9F00FFC8B1 /* Main.storyboard */,
				C66D74382542FAA100FFC8B1 /* Assets.xcassets */,
				C66D743A2542FAA100FFC8B1 /* LaunchScreen.storyboard */,
				C66D743D2542FAA100FFC8B1 /* Info.plist */,
			);
			path = "ios Example";
			sourceTree = "<group>";
		};
		C6AFE68925D3C7760035639C /* Fonts */ = {
			isa = PBXGroup;
			children = (
				C6AFE68A25D3C7760035639C /* Poppins-ExtraLight.ttf */,
				C6AFE68B25D3C7760035639C /* Poppins-Light.ttf */,
				C6AFE68C25D3C7760035639C /* Poppins-Medium.ttf */,
				C6AFE68D25D3C7760035639C /* Poppins.json */,
				C6AFE68E25D3C7760035639C /* Poppins-Regular.ttf */,
				C6AFE68F25D3C7760035639C /* Poppins-Bold.ttf */,
				C6AFE69025D3C7760035639C /* Poppins-Thin.ttf */,
				C6AFE69125D3C7760035639C /* Poppins-SemiBold.ttf */,
			);
			path = Fonts;
			sourceTree = "<group>";
		};
/* End PBXGroup section */

/* Begin PBXNativeTarget section */
		C66D742B2542FA9F00FFC8B1 /* ios Example */ = {
			isa = PBXNativeTarget;
			buildConfigurationList = C66D74402542FAA100FFC8B1 /* Build configuration list for PBXNativeTarget "ios Example" */;
			buildPhases = (
				C66D74282542FA9F00FFC8B1 /* Sources */,
				C66D74292542FA9F00FFC8B1 /* Frameworks */,
				C66D742A2542FA9F00FFC8B1 /* Resources */,
			);
			buildRules = (
			);
			dependencies = (
			);
			name = "ios Example";
			packageProductDependencies = (
				C66D74452542FB5800FFC8B1 /* SearchMap */,
				C66D744B254300C200FFC8B1 /* ReverseGeocodingMap */,
			);
			productName = "ios Example";
			productReference = C66D742C2542FA9F00FFC8B1 /* ios Example.app */;
			productType = "com.apple.product-type.application";
		};
/* End PBXNativeTarget section */

/* Begin PBXProject section */
		C66D74242542FA9F00FFC8B1 /* Project object */ = {
			isa = PBXProject;
			attributes = {
				LastSwiftUpdateCheck = 1200;
				LastUpgradeCheck = 1200;
				TargetAttributes = {
					C66D742B2542FA9F00FFC8B1 = {
						CreatedOnToolsVersion = 12.0.1;
					};
				};
			};
			buildConfigurationList = C66D74272542FA9F00FFC8B1 /* Build configuration list for PBXProject "ios Example" */;
			compatibilityVersion = "Xcode 9.3";
			developmentRegion = en;
			hasScannedForEncodings = 0;
			knownRegions = (
				en,
				Base,
			);
			mainGroup = C66D74232542FA9F00FFC8B1;
			packageReferences = (
				C66D74442542FB5800FFC8B1 /* XCRemoteSwiftPackageReference "searchMap" */,
				C66D744A254300C200FFC8B1 /* XCRemoteSwiftPackageReference "ReverseGeocodingMap" */,
			);
			productRefGroup = C66D742D2542FA9F00FFC8B1 /* Products */;
			projectDirPath = "";
			projectRoot = "";
			targets = (
				C66D742B2542FA9F00FFC8B1 /* ios Example */,
			);
		};
/* End PBXProject section */

/* Begin PBXResourcesBuildPhase section */
		C66D742A2542FA9F00FFC8B1 /* Resources */ = {
			isa = PBXResourcesBuildPhase;
			buildActionMask = 2147483647;
			files = (
				C6AFE69225D3C7760035639C /* Poppins-ExtraLight.ttf in Resources */,
				C6AFE69725D3C7770035639C /* Poppins-Bold.ttf in Resources */,
				C6AFE69925D3C7770035639C /* Poppins-SemiBold.ttf in Resources */,
				C6AFE69325D3C7760035639C /* Poppins-Light.ttf in Resources */,
				C66D743C2542FAA100FFC8B1 /* LaunchScreen.storyboard in Resources */,
				C6AFE69425D3C7760035639C /* Poppins-Medium.ttf in Resources */,
				C66D74392542FAA100FFC8B1 /* Assets.xcassets in Resources */,
				C66D74372542FA9F00FFC8B1 /* Main.storyboard in Resources */,
				C6AFE69525D3C7770035639C /* Poppins.json in Resources */,
				C6AFE69625D3C7770035639C /* Poppins-Regular.ttf in Resources */,
				C6AFE69825D3C7770035639C /* Poppins-Thin.ttf in Resources */,
			);
			runOnlyForDeploymentPostprocessing = 0;
		};
/* End PBXResourcesBuildPhase section */

/* Begin PBXSourcesBuildPhase section */
		C66D74282542FA9F00FFC8B1 /* Sources */ = {
			isa = PBXSourcesBuildPhase;
			buildActionMask = 2147483647;
			files = (
				C66D74342542FA9F00FFC8B1 /* ViewController.swift in Sources */,
				C66D74302542FA9F00FFC8B1 /* AppDelegate.swift in Sources */,
				C66D74322542FA9F00FFC8B1 /* SceneDelegate.swift in Sources */,
			);
			runOnlyForDeploymentPostprocessing = 0;
		};
/* End PBXSourcesBuildPhase section */

/* Begin PBXVariantGroup section */
		C66D74352542FA9F00FFC8B1 /* Main.storyboard */ = {
			isa = PBXVariantGroup;
			children = (
				C66D74362542FA9F00FFC8B1 /* Base */,
			);
			name = Main.storyboard;
			sourceTree = "<group>";
		};
		C66D743A2542FAA100FFC8B1 /* LaunchScreen.storyboard */ = {
			isa = PBXVariantGroup;
			children = (
				C66D743B2542FAA100FFC8B1 /* Base */,
			);
			name = LaunchScreen.storyboard;
			sourceTree = "<group>";
		};
/* End PBXVariantGroup section */

/* Begin XCBuildConfiguration section */
		C66D743E2542FAA100FFC8B1 /* Debug */ = {
			isa = XCBuildConfiguration;
			buildSettings = {
				ALWAYS_SEARCH_USER_PATHS = NO;
				CLANG_ANALYZER_NONNULL = YES;
				CLANG_ANALYZER_NUMBER_OBJECT_CONVERSION = YES_AGGRESSIVE;
				CLANG_CXX_LANGUAGE_STANDARD = "gnu++14";
				CLANG_CXX_LIBRARY = "libc++";
				CLANG_ENABLE_MODULES = YES;
				CLANG_ENABLE_OBJC_ARC = YES;
				CLANG_ENABLE_OBJC_WEAK = YES;
				CLANG_WARN_BLOCK_CAPTURE_AUTORELEASING = YES;
				CLANG_WARN_BOOL_CONVERSION = YES;
				CLANG_WARN_COMMA = YES;
				CLANG_WARN_CONSTANT_CONVERSION = YES;
				CLANG_WARN_DEPRECATED_OBJC_IMPLEMENTATIONS = YES;
				CLANG_WARN_DIRECT_OBJC_ISA_USAGE = YES_ERROR;
				CLANG_WARN_DOCUMENTATION_COMMENTS = YES;
				CLANG_WARN_EMPTY_BODY = YES;
				CLANG_WARN_ENUM_CONVERSION = YES;
				CLANG_WARN_INFINITE_RECURSION = YES;
				CLANG_WARN_INT_CONVERSION = YES;
				CLANG_WARN_NON_LITERAL_NULL_CONVERSION = YES;
				CLANG_WARN_OBJC_IMPLICIT_RETAIN_SELF = YES;
				CLANG_WARN_OBJC_LITERAL_CONVERSION = YES;
				CLANG_WARN_OBJC_ROOT_CLASS = YES_ERROR;
				CLANG_WARN_QUOTED_INCLUDE_IN_FRAMEWORK_HEADER = YES;
				CLANG_WARN_RANGE_LOOP_ANALYSIS = YES;
				CLANG_WARN_STRICT_PROTOTYPES = YES;
				CLANG_WARN_SUSPICIOUS_MOVE = YES;
				CLANG_WARN_UNGUARDED_AVAILABILITY = YES_AGGRESSIVE;
				CLANG_WARN_UNREACHABLE_CODE = YES;
				CLANG_WARN__DUPLICATE_METHOD_MATCH = YES;
				COPY_PHASE_STRIP = NO;
				DEBUG_INFORMATION_FORMAT = dwarf;
				ENABLE_STRICT_OBJC_MSGSEND = YES;
				ENABLE_TESTABILITY = YES;
				GCC_C_LANGUAGE_STANDARD = gnu11;
				GCC_DYNAMIC_NO_PIC = NO;
				GCC_NO_COMMON_BLOCKS = YES;
				GCC_OPTIMIZATION_LEVEL = 0;
				GCC_PREPROCESSOR_DEFINITIONS = (
					"DEBUG=1",
					"$(inherited)",
				);
				GCC_WARN_64_TO_32_BIT_CONVERSION = YES;
				GCC_WARN_ABOUT_RETURN_TYPE = YES_ERROR;
				GCC_WARN_UNDECLARED_SELECTOR = YES;
				GCC_WARN_UNINITIALIZED_AUTOS = YES_AGGRESSIVE;
				GCC_WARN_UNUSED_FUNCTION = YES;
				GCC_WARN_UNUSED_VARIABLE = YES;
				IPHONEOS_DEPLOYMENT_TARGET = 14.0;
				MTL_ENABLE_DEBUG_INFO = INCLUDE_SOURCE;
				MTL_FAST_MATH = YES;
				ONLY_ACTIVE_ARCH = YES;
				SDKROOT = iphoneos;
				SWIFT_ACTIVE_COMPILATION_CONDITIONS = DEBUG;
				SWIFT_OPTIMIZATION_LEVEL = "-Onone";
			};
			name = Debug;
		};
		C66D743F2542FAA100FFC8B1 /* Release */ = {
			isa = XCBuildConfiguration;
			buildSettings = {
				ALWAYS_SEARCH_USER_PATHS = NO;
				CLANG_ANALYZER_NONNULL = YES;
				CLANG_ANALYZER_NUMBER_OBJECT_CONVERSION = YES_AGGRESSIVE;
				CLANG_CXX_LANGUAGE_STANDARD = "gnu++14";
				CLANG_CXX_LIBRARY = "libc++";
				CLANG_ENABLE_MODULES = YES;
				CLANG_ENABLE_OBJC_ARC = YES;
				CLANG_ENABLE_OBJC_WEAK = YES;
				CLANG_WARN_BLOCK_CAPTURE_AUTORELEASING = YES;
				CLANG_WARN_BOOL_CONVERSION = YES;
				CLANG_WARN_COMMA = YES;
				CLANG_WARN_CONSTANT_CONVERSION = YES;
				CLANG_WARN_DEPRECATED_OBJC_IMPLEMENTATIONS = YES;
				CLANG_WARN_DIRECT_OBJC_ISA_USAGE = YES_ERROR;
				CLANG_WARN_DOCUMENTATION_COMMENTS = YES;
				CLANG_WARN_EMPTY_BODY = YES;
				CLANG_WARN_ENUM_CONVERSION = YES;
				CLANG_WARN_INFINITE_RECURSION = YES;
				CLANG_WARN_INT_CONVERSION = YES;
				CLANG_WARN_NON_LITERAL_NULL_CONVERSION = YES;
				CLANG_WARN_OBJC_IMPLICIT_RETAIN_SELF = YES;
				CLANG_WARN_OBJC_LITERAL_CONVERSION = YES;
				CLANG_WARN_OBJC_ROOT_CLASS = YES_ERROR;
				CLANG_WARN_QUOTED_INCLUDE_IN_FRAMEWORK_HEADER = YES;
				CLANG_WARN_RANGE_LOOP_ANALYSIS = YES;
				CLANG_WARN_STRICT_PROTOTYPES = YES;
				CLANG_WARN_SUSPICIOUS_MOVE = YES;
				CLANG_WARN_UNGUARDED_AVAILABILITY = YES_AGGRESSIVE;
				CLANG_WARN_UNREACHABLE_CODE = YES;
				CLANG_WARN__DUPLICATE_METHOD_MATCH = YES;
				COPY_PHASE_STRIP = NO;
				DEBUG_INFORMATION_FORMAT = "dwarf-with-dsym";
				ENABLE_NS_ASSERTIONS = NO;
				ENABLE_STRICT_OBJC_MSGSEND = YES;
				GCC_C_LANGUAGE_STANDARD = gnu11;
				GCC_NO_COMMON_BLOCKS = YES;
				GCC_WARN_64_TO_32_BIT_CONVERSION = YES;
				GCC_WARN_ABOUT_RETURN_TYPE = YES_ERROR;
				GCC_WARN_UNDECLARED_SELECTOR = YES;
				GCC_WARN_UNINITIALIZED_AUTOS = YES_AGGRESSIVE;
				GCC_WARN_UNUSED_FUNCTION = YES;
				GCC_WARN_UNUSED_VARIABLE = YES;
				IPHONEOS_DEPLOYMENT_TARGET = 14.0;
				MTL_ENABLE_DEBUG_INFO = NO;
				MTL_FAST_MATH = YES;
				SDKROOT = iphoneos;
				SWIFT_COMPILATION_MODE = wholemodule;
				SWIFT_OPTIMIZATION_LEVEL = "-O";
				VALIDATE_PRODUCT = YES;
			};
			name = Release;
		};
		C66D74412542FAA100FFC8B1 /* Debug */ = {
			isa = XCBuildConfiguration;
			buildSettings = {
				ASSETCATALOG_COMPILER_APPICON_NAME = AppIcon;
				ASSETCATALOG_COMPILER_GLOBAL_ACCENT_COLOR_NAME = AccentColor;
				CODE_SIGN_STYLE = Automatic;
				DEVELOPMENT_TEAM = R8CKJFJ8PK;
				INFOPLIST_FILE = "ios Example/Info.plist";
				LD_RUNPATH_SEARCH_PATHS = (
					"$(inherited)",
					"@executable_path/Frameworks",
				);
				PRODUCT_BUNDLE_IDENTIFIER = "com.kaiman.ios-Example";
				PRODUCT_NAME = "$(TARGET_NAME)";
				SWIFT_VERSION = 5.0;
				TARGETED_DEVICE_FAMILY = "1,2";
			};
			name = Debug;
		};
		C66D74422542FAA100FFC8B1 /* Release */ = {
			isa = XCBuildConfiguration;
			buildSettings = {
				ASSETCATALOG_COMPILER_APPICON_NAME = AppIcon;
				ASSETCATALOG_COMPILER_GLOBAL_ACCENT_COLOR_NAME = AccentColor;
				CODE_SIGN_STYLE = Automatic;
				DEVELOPMENT_TEAM = R8CKJFJ8PK;
				INFOPLIST_FILE = "ios Example/Info.plist";
				LD_RUNPATH_SEARCH_PATHS = (
					"$(inherited)",
					"@executable_path/Frameworks",
				);
				PRODUCT_BUNDLE_IDENTIFIER = "com.kaiman.ios-Example";
				PRODUCT_NAME = "$(TARGET_NAME)";
				SWIFT_VERSION = 5.0;
				TARGETED_DEVICE_FAMILY = "1,2";
			};
			name = Release;
		};
/* End XCBuildConfiguration section */

/* Begin XCConfigurationList section */
		C66D74272542FA9F00FFC8B1 /* Build configuration list for PBXProject "ios Example" */ = {
			isa = XCConfigurationList;
			buildConfigurations = (
				C66D743E2542FAA100FFC8B1 /* Debug */,
				C66D743F2542FAA100FFC8B1 /* Release */,
			);
			defaultConfigurationIsVisible = 0;
			defaultConfigurationName = Release;
		};
		C66D74402542FAA100FFC8B1 /* Build configuration list for PBXNativeTarget "ios Example" */ = {
			isa = XCConfigurationList;
			buildConfigurations = (
				C66D74412542FAA100FFC8B1 /* Debug */,
				C66D74422542FAA100FFC8B1 /* Release */,
			);
			defaultConfigurationIsVisible = 0;
			defaultConfigurationName = Release;
		};
/* End XCConfigurationList section */

/* Begin XCRemoteSwiftPackageReference section */
		C66D74442542FB5800FFC8B1 /* XCRemoteSwiftPackageReference "searchMap" */ = {
			isa = XCRemoteSwiftPackageReference;
			repositoryURL = "https://github.com/jerometonnelier/searchMap";
			requirement = {
				branch = master;
				kind = branch;
			};
		};
		C66D744A254300C200FFC8B1 /* XCRemoteSwiftPackageReference "ReverseGeocodingMap" */ = {
			isa = XCRemoteSwiftPackageReference;
			repositoryURL = "https://github.com/jerometonnelier/ReverseGeocodingMap";
			requirement = {
				kind = upToNextMajorVersion;
				minimumVersion = 1.0.1;
			};
		};
/* End XCRemoteSwiftPackageReference section */

/* Begin XCSwiftPackageProductDependency section */
		C66D74452542FB5800FFC8B1 /* SearchMap */ = {
			isa = XCSwiftPackageProductDependency;
			package = C66D74442542FB5800FFC8B1 /* XCRemoteSwiftPackageReference "searchMap" */;
			productName = SearchMap;
		};
		C66D744B254300C200FFC8B1 /* ReverseGeocodingMap */ = {
			isa = XCSwiftPackageProductDependency;
			package = C66D744A254300C200FFC8B1 /* XCRemoteSwiftPackageReference "ReverseGeocodingMap" */;
			productName = ReverseGeocodingMap;
		};
/* End XCSwiftPackageProductDependency section */
	};
	rootObject = C66D74242542FA9F00FFC8B1 /* Project object */;
}
