{
  "object": {
    "pins": [
      {
        "package": "ActionButton",
        "repositoryURL": "https://github.com/jerometonnelier/ActionButton",
        "state": {
          "branch": null,
          "revision": "379ad87fa9895546ecb2eeb0bd2628467e992ac8",
          "version": "1.0.7"
        }
      },
      {
        "package": "Ampersand",
        "repositoryURL": "https://github.com/darjeelingsteve/Ampersand",
        "state": {
          "branch": null,
          "revision": "9498afe66ef14428c80647a4b1046c9aab97655a",
          "version": "1.1.0"
        }
      },
      {
        "package": "ATAConfiguration",
        "repositoryURL": "https://github.com/jerometonnelier/ATAConfiguration",
        "state": {
          "branch": null,
          "revision": "0c1bb6372ec4b9fca70ea96d406cfe958fd786fc",
          "version": "1.0.4"
        }
      },
      {
        "package": "HGCircularSlider",
        "repositoryURL": "https://github.com/HamzaGhazouani/HGCircularSlider",
        "state": {
          "branch": null,
          "revision": "2b98462d32bf7211851aa73537dbaba5dd80229e",
          "version": "2.2.1"
        }
      },
      {
        "package": "IQKeyboardManagerSwift",
        "repositoryURL": "https://github.com/hackiftekhar/IQKeyboardManager.git",
        "state": {
          "branch": null,
          "revision": "4dc6bc7d1c9747bd0c261c8c055903f9fdef91f7",
          "version": "6.5.6"
        }
      },
      {
        "package": "KCoordinatorKit",
        "repositoryURL": "https://github.com/jerometonnelier/KCoordinatorKit",
        "state": {
          "branch": null,
          "revision": "20bb96f4f55c366fbeba61e97287bd6ee4a14d03",
          "version": "1.0.1"
        }
      },
      {
        "package": "KExtensions",
        "repositoryURL": "https://github.com/jerometonnelier/KExtensions",
        "state": {
          "branch": null,
          "revision": "08cb0df7c365de5ca2e7da425b3f2831c5834b8a",
          "version": "1.0.29"
        }
      },
      {
        "package": "NSAttributedStringBuilder",
        "repositoryURL": "https://github.com/ethanhuang13/NSAttributedStringBuilder",
        "state": {
          "branch": null,
          "revision": "4a3b02b8b4baf531490e1ddae8ed4a667bdb12b5",
          "version": "0.3.3"
        }
      },
      {
        "package": "Nuke",
        "repositoryURL": "https://github.com/kean/Nuke",
        "state": {
          "branch": null,
          "revision": "961597d324949c7003c77d602bfc4d5519b47e81",
          "version": "9.2.4"
        }
      },
      {
        "package": "ReverseGeocodingMap",
        "repositoryURL": "https://github.com/jerometonnelier/ReverseGeocodingMap",
        "state": {
          "branch": null,
          "revision": "bf0f984695449e4edc5b6d9ca3bb30bdde9b8847",
          "version": "1.0.9"
        }
      },
      {
        "package": "SearchMap",
        "repositoryURL": "https://github.com/jerometonnelier/searchMap",
        "state": {
          "branch": "master",
          "revision": "9f508a2278a24b63c238e6c477806783c6abb893",
          "version": null
        }
      },
      {
        "package": "SnapKit",
        "repositoryURL": "https://github.com/SnapKit/SnapKit",
        "state": {
          "branch": null,
          "revision": "d458564516e5676af9c70b4f4b2a9178294f1bc6",
          "version": "5.0.1"
        }
      },
      {
        "package": "SwiftLocation",
        "repositoryURL": "https://github.com/malcommac/SwiftLocation",
        "state": {
          "branch": null,
          "revision": "f8ec8e97095eb3a5312370ad94b921768217625f",
          "version": "5.1.0"
        }
      },
      {
        "package": "TextFieldEffects",
        "repositoryURL": "https://github.com/jerometonnelier/TextFieldEffects",
        "state": {
          "branch": null,
          "revision": "34c87d76b1675f2001bec6e16462f8cc0b8dbbd2",
          "version": "1.7.2"
        }
      }
    ]
  },
  "version": 1
}
